
Microsoft Visual Studio Solution File, Format Version 12.00
# Visual Studio 15
VisualStudioVersion = 15.0.27428.2005
MinimumVisualStudioVersion = 10.0.40219.1
Project("{FAE04EC0-301F-11D3-BF4B-00C04F79EFBC}") = "Console练习", "ConsoleApp1\Console练习.csproj", "{2223B7C9-2706-4C92-B514-11B297EDD799}"
EndProject
Project("{FAE04EC0-301F-11D3-BF4B-00C04F79EFBC}") = "WebApplication2", "WebApplication2\WebApplication2.csproj", "{61C8FD05-494F-4CDB-84D1-A11EBF1AB607}"
EndProject
Project("{FAE04EC0-301F-11D3-BF4B-00C04F79EFBC}") = "WebApplication2Tests", "WebApplication2Tests\WebApplication2Tests.csproj", "{14EBC68A-B76A-4504-9692-8CF809A9D05D}"
EndProject
Project("{FAE04EC0-301F-11D3-BF4B-00C04F79EFBC}") = "ConsoleEF", "ConsoleEF\ConsoleEF.csproj", "{714FD90F-07B5-4B0C-96CB-3272A4DE4CCF}"
EndProject
Global
	GlobalSection(SolutionConfigurationPlatforms) = preSolution
		Debug|Any CPU = Debug|Any CPU
		Release|Any CPU = Release|Any CPU
	EndGlobalSection
	GlobalSection(ProjectConfigurationPlatforms) = postSolution
		{2223B7C9-2706-4C92-B514-11B297EDD799}.Debug|Any CPU.ActiveCfg = Debug|Any CPU
		{2223B7C9-2706-4C92-B514-11B297EDD799}.Debug|Any CPU.Build.0 = Debug|Any CPU
		{2223B7C9-2706-4C92-B514-11B297EDD799}.Release|Any CPU.ActiveCfg = Release|Any CPU
		{2223B7C9-2706-4C92-B514-11B297EDD799}.Release|Any CPU.Build.0 = Release|Any CPU
		{61C8FD05-494F-4CDB-84D1-A11EBF1AB607}.Debug|Any CPU.ActiveCfg = Debug|Any CPU
		{61C8FD05-494F-4CDB-84D1-A11EBF1AB607}.Debug|Any CPU.Build.0 = Debug|Any CPU
		{61C8FD05-494F-4CDB-84D1-A11EBF1AB607}.Release|Any CPU.ActiveCfg = Release|Any CPU
		{61C8FD05-494F-4CDB-84D1-A11EBF1AB607}.Release|Any CPU.Build.0 = Release|Any CPU
		{14EBC68A-B76A-4504-9692-8CF809A9D05D}.Debug|Any CPU.ActiveCfg = Debug|Any CPU
		{14EBC68A-B76A-4504-9692-8CF809A9D05D}.Debug|Any CPU.Build.0 = Debug|Any CPU
		{14EBC68A-B76A-4504-9692-8CF809A9D05D}.Release|Any CPU.ActiveCfg = Release|Any CPU
		{14EBC68A-B76A-4504-9692-8CF809A9D05D}.Release|Any CPU.Build.0 = Release|Any CPU
		{714FD90F-07B5-4B0C-96CB-3272A4DE4CCF}.Debug|Any CPU.ActiveCfg = Debug|Any CPU
		{714FD90F-07B5-4B0C-96CB-3272A4DE4CCF}.Debug|Any CPU.Build.0 = Debug|Any CPU
		{714FD90F-07B5-4B0C-96CB-3272A4DE4CCF}.Release|Any CPU.ActiveCfg = Release|Any CPU
		{714FD90F-07B5-4B0C-96CB-3272A4DE4CCF}.Release|Any CPU.Build.0 = Release|Any CPU
	EndGlobalSection
	GlobalSection(SolutionProperties) = preSolution
		HideSolutionNode = FALSE
	EndGlobalSection
	GlobalSection(ExtensibilityGlobals) = postSolution
		SolutionGuid = {BFC95E30-4F04-4CB7-8266-5EF1277DD7D7}
	EndGlobalSection
EndGlobal
