
Microsoft Visual Studio Solution File, Format Version 12.00
# Visual Studio Version 16
VisualStudioVersion = 16.0.29025.244
MinimumVisualStudioVersion = 10.0.40219.1
Project("{FAE04EC0-301F-11D3-BF4B-00C04F79EFBC}") = "Console练习", "ConsoleApp1\Console练习.csproj", "{2223B7C9-2706-4C92-B514-11B297EDD799}"
EndProject
Project("{FAE04EC0-301F-11D3-BF4B-00C04F79EFBC}") = "WebApplication2", "WebApplication2\WebApplication2.csproj", "{61C8FD05-494F-4CDB-84D1-A11EBF1AB607}"
EndProject
Project("{FAE04EC0-301F-11D3-BF4B-00C04F79EFBC}") = "WebApplication2Tests", "WebApplication2Tests\WebApplication2Tests.csproj", "{14EBC68A-B76A-4504-9692-8CF809A9D05D}"
EndProject
Project("{FAE04EC0-301F-11D3-BF4B-00C04F79EFBC}") = "ConsoleEF", "ConsoleEF\ConsoleEF.csproj", "{714FD90F-07B5-4B0C-96CB-3272A4DE4CCF}"
EndProject
Project("{9A19103F-16F7-4668-BE54-9A1E7A4F7556}") = "Domain", "Domain\Domain.csproj", "{2A51E328-17F8-461B-A41E-5E826617055B}"
EndProject
Project("{FAE04EC0-301F-11D3-BF4B-00C04F79EFBC}") = "UrlsAndRoutes", "UrlsAndRoutes\UrlsAndRoutes.csproj", "{1534C13A-E526-46CB-A617-DD74757388AB}"
EndProject
Project("{9A19103F-16F7-4668-BE54-9A1E7A4F7556}") = "UrlsAndRoutes.Tests", "UrlsAndRoutes.Tests\UrlsAndRoutes.Tests.csproj", "{302588D7-5F3F-42E2-9A27-8328DA61177A}"
EndProject
Project("{FAE04EC0-301F-11D3-BF4B-00C04F79EFBC}") = "ControllersAndActions", "ControllersAndActions\ControllersAndActions.csproj", "{9B988684-3EFC-45FF-8646-DD62FF2A722B}"
EndProject
Project("{FAE04EC0-301F-11D3-BF4B-00C04F79EFBC}") = "ControllersAndActions.Tests", "ControllersAndActions.Tests\ControllersAndActions.Tests.csproj", "{BBF35A3D-357C-476F-BF29-8B9CAEEF5AE2}"
EndProject
Project("{FAE04EC0-301F-11D3-BF4B-00C04F79EFBC}") = "Filters", "Filters\Filters.csproj", "{DED49192-7DBD-4DDC-82A5-BA20F94BFCDD}"
EndProject
Project("{FAE04EC0-301F-11D3-BF4B-00C04F79EFBC}") = "WindowsFormsApp1", "WindowsFormsApp1\WindowsFormsApp1.csproj", "{C1BA908D-E22B-4EFF-A5FE-C3919EA869C4}"
EndProject
Project("{FAE04EC0-301F-11D3-BF4B-00C04F79EFBC}") = "Console练习Tests", "Console练习Tests\Console练习Tests.csproj", "{FF0E4FCE-0789-4F84-A7F6-4A3775378CCB}"
EndProject
Project("{FAE04EC0-301F-11D3-BF4B-00C04F79EFBC}") = "MvcMovie", "MvcMovie\MvcMovie.csproj", "{3F8FD3F6-9D5E-4E5E-BA8E-1EC2403EEEA5}"
EndProject
Global
	GlobalSection(SolutionConfigurationPlatforms) = preSolution
		Debug|Any CPU = Debug|Any CPU
		Release|Any CPU = Release|Any CPU
	EndGlobalSection
	GlobalSection(ProjectConfigurationPlatforms) = postSolution
		{2223B7C9-2706-4C92-B514-11B297EDD799}.Debug|Any CPU.ActiveCfg = Debug|Any CPU
		{2223B7C9-2706-4C92-B514-11B297EDD799}.Debug|Any CPU.Build.0 = Debug|Any CPU
		{2223B7C9-2706-4C92-B514-11B297EDD799}.Release|Any CPU.ActiveCfg = Release|Any CPU
		{2223B7C9-2706-4C92-B514-11B297EDD799}.Release|Any CPU.Build.0 = Release|Any CPU
		{61C8FD05-494F-4CDB-84D1-A11EBF1AB607}.Debug|Any CPU.ActiveCfg = Debug|Any CPU
		{61C8FD05-494F-4CDB-84D1-A11EBF1AB607}.Debug|Any CPU.Build.0 = Debug|Any CPU
		{61C8FD05-494F-4CDB-84D1-A11EBF1AB607}.Release|Any CPU.ActiveCfg = Release|Any CPU
		{61C8FD05-494F-4CDB-84D1-A11EBF1AB607}.Release|Any CPU.Build.0 = Release|Any CPU
		{14EBC68A-B76A-4504-9692-8CF809A9D05D}.Debug|Any CPU.ActiveCfg = Debug|Any CPU
		{14EBC68A-B76A-4504-9692-8CF809A9D05D}.Debug|Any CPU.Build.0 = Debug|Any CPU
		{14EBC68A-B76A-4504-9692-8CF809A9D05D}.Release|Any CPU.ActiveCfg = Release|Any CPU
		{14EBC68A-B76A-4504-9692-8CF809A9D05D}.Release|Any CPU.Build.0 = Release|Any CPU
		{714FD90F-07B5-4B0C-96CB-3272A4DE4CCF}.Debug|Any CPU.ActiveCfg = Debug|Any CPU
		{714FD90F-07B5-4B0C-96CB-3272A4DE4CCF}.Debug|Any CPU.Build.0 = Debug|Any CPU
		{714FD90F-07B5-4B0C-96CB-3272A4DE4CCF}.Release|Any CPU.ActiveCfg = Release|Any CPU
		{714FD90F-07B5-4B0C-96CB-3272A4DE4CCF}.Release|Any CPU.Build.0 = Release|Any CPU
		{2A51E328-17F8-461B-A41E-5E826617055B}.Debug|Any CPU.ActiveCfg = Debug|Any CPU
		{2A51E328-17F8-461B-A41E-5E826617055B}.Debug|Any CPU.Build.0 = Debug|Any CPU
		{2A51E328-17F8-461B-A41E-5E826617055B}.Release|Any CPU.ActiveCfg = Release|Any CPU
		{2A51E328-17F8-461B-A41E-5E826617055B}.Release|Any CPU.Build.0 = Release|Any CPU
		{1534C13A-E526-46CB-A617-DD74757388AB}.Debug|Any CPU.ActiveCfg = Debug|Any CPU
		{1534C13A-E526-46CB-A617-DD74757388AB}.Debug|Any CPU.Build.0 = Debug|Any CPU
		{1534C13A-E526-46CB-A617-DD74757388AB}.Release|Any CPU.ActiveCfg = Release|Any CPU
		{1534C13A-E526-46CB-A617-DD74757388AB}.Release|Any CPU.Build.0 = Release|Any CPU
		{302588D7-5F3F-42E2-9A27-8328DA61177A}.Debug|Any CPU.ActiveCfg = Debug|Any CPU
		{302588D7-5F3F-42E2-9A27-8328DA61177A}.Debug|Any CPU.Build.0 = Debug|Any CPU
		{302588D7-5F3F-42E2-9A27-8328DA61177A}.Release|Any CPU.ActiveCfg = Release|Any CPU
		{302588D7-5F3F-42E2-9A27-8328DA61177A}.Release|Any CPU.Build.0 = Release|Any CPU
		{9B988684-3EFC-45FF-8646-DD62FF2A722B}.Debug|Any CPU.ActiveCfg = Debug|Any CPU
		{9B988684-3EFC-45FF-8646-DD62FF2A722B}.Debug|Any CPU.Build.0 = Debug|Any CPU
		{9B988684-3EFC-45FF-8646-DD62FF2A722B}.Release|Any CPU.ActiveCfg = Release|Any CPU
		{9B988684-3EFC-45FF-8646-DD62FF2A722B}.Release|Any CPU.Build.0 = Release|Any CPU
		{BBF35A3D-357C-476F-BF29-8B9CAEEF5AE2}.Debug|Any CPU.ActiveCfg = Debug|Any CPU
		{BBF35A3D-357C-476F-BF29-8B9CAEEF5AE2}.Debug|Any CPU.Build.0 = Debug|Any CPU
		{BBF35A3D-357C-476F-BF29-8B9CAEEF5AE2}.Release|Any CPU.ActiveCfg = Release|Any CPU
		{BBF35A3D-357C-476F-BF29-8B9CAEEF5AE2}.Release|Any CPU.Build.0 = Release|Any CPU
		{DED49192-7DBD-4DDC-82A5-BA20F94BFCDD}.Debug|Any CPU.ActiveCfg = Debug|Any CPU
		{DED49192-7DBD-4DDC-82A5-BA20F94BFCDD}.Debug|Any CPU.Build.0 = Debug|Any CPU
		{DED49192-7DBD-4DDC-82A5-BA20F94BFCDD}.Release|Any CPU.ActiveCfg = Release|Any CPU
		{DED49192-7DBD-4DDC-82A5-BA20F94BFCDD}.Release|Any CPU.Build.0 = Release|Any CPU
		{C1BA908D-E22B-4EFF-A5FE-C3919EA869C4}.Debug|Any CPU.ActiveCfg = Debug|Any CPU
		{C1BA908D-E22B-4EFF-A5FE-C3919EA869C4}.Debug|Any CPU.Build.0 = Debug|Any CPU
		{C1BA908D-E22B-4EFF-A5FE-C3919EA869C4}.Release|Any CPU.ActiveCfg = Release|Any CPU
		{C1BA908D-E22B-4EFF-A5FE-C3919EA869C4}.Release|Any CPU.Build.0 = Release|Any CPU
		{FF0E4FCE-0789-4F84-A7F6-4A3775378CCB}.Debug|Any CPU.ActiveCfg = Debug|Any CPU
		{FF0E4FCE-0789-4F84-A7F6-4A3775378CCB}.Debug|Any CPU.Build.0 = Debug|Any CPU
		{FF0E4FCE-0789-4F84-A7F6-4A3775378CCB}.Release|Any CPU.ActiveCfg = Release|Any CPU
		{FF0E4FCE-0789-4F84-A7F6-4A3775378CCB}.Release|Any CPU.Build.0 = Release|Any CPU
		{3F8FD3F6-9D5E-4E5E-BA8E-1EC2403EEEA5}.Debug|Any CPU.ActiveCfg = Debug|Any CPU
		{3F8FD3F6-9D5E-4E5E-BA8E-1EC2403EEEA5}.Debug|Any CPU.Build.0 = Debug|Any CPU
		{3F8FD3F6-9D5E-4E5E-BA8E-1EC2403EEEA5}.Release|Any CPU.ActiveCfg = Release|Any CPU
		{3F8FD3F6-9D5E-4E5E-BA8E-1EC2403EEEA5}.Release|Any CPU.Build.0 = Release|Any CPU
	EndGlobalSection
	GlobalSection(SolutionProperties) = preSolution
		HideSolutionNode = FALSE
	EndGlobalSection
	GlobalSection(ExtensibilityGlobals) = postSolution
		SolutionGuid = {BFC95E30-4F04-4CB7-8266-5EF1277DD7D7}
	EndGlobalSection
EndGlobal
